
Microsoft Visual Studio Solution File, Format Version 12.00
Project("{FAE04EC0-301F-11D3-BF4B-00C04F79EFBC}") = "VIviendaYa.API", "VIviendaYa.API\VIviendaYa.API.csproj", "{3A2B3413-4095-46AF-A6F8-9713B59CCECF}"
EndProject
Global
	GlobalSection(SolutionConfigurationPlatforms) = preSolution
		Debug|Any CPU = Debug|Any CPU
		Release|Any CPU = Release|Any CPU
	EndGlobalSection
	GlobalSection(ProjectConfigurationPlatforms) = postSolution
		{3A2B3413-4095-46AF-A6F8-9713B59CCECF}.Debug|Any CPU.ActiveCfg = Debug|Any CPU
		{3A2B3413-4095-46AF-A6F8-9713B59CCECF}.Debug|Any CPU.Build.0 = Debug|Any CPU
		{3A2B3413-4095-46AF-A6F8-9713B59CCECF}.Release|Any CPU.ActiveCfg = Release|Any CPU
		{3A2B3413-4095-46AF-A6F8-9713B59CCECF}.Release|Any CPU.Build.0 = Release|Any CPU
	EndGlobalSection
EndGlobal
